
Microsoft Visual Studio Solution File, Format Version 12.00
# Visual Studio Version 16
VisualStudioVersion = 16.0.32630.194
MinimumVisualStudioVersion = 10.0.40219.1
Project("{FAE04EC0-301F-11D3-BF4B-00C04F79EFBC}") = "CoreKeeperInventoryEditor", "CoreKeeperInventoryEditor\CoreKeeperInventoryEditor.csproj", "{0006D291-398B-44CD-B99F-4973D3741D6E}"
EndProject
Global
	GlobalSection(SolutionConfigurationPlatforms) = preSolution
		Release|x64 = Release|x64
	EndGlobalSection
	GlobalSection(ProjectConfigurationPlatforms) = postSolution
		{0006D291-398B-44CD-B99F-4973D3741D6E}.Release|x64.ActiveCfg = Debug|x64
		{0006D291-398B-44CD-B99F-4973D3741D6E}.Release|x64.Build.0 = Debug|x64
	EndGlobalSection
	GlobalSection(SolutionProperties) = preSolution
		HideSolutionNode = FALSE
	EndGlobalSection
	GlobalSection(ExtensibilityGlobals) = postSolution
		SolutionGuid = {9AC3C6E1-EF00-4204-844D-09F6F1DD314B}
	EndGlobalSection
EndGlobal
